// !$*UTF8*$!
{
	archiveVersion = 1;
	classes = {
	};
	objectVersion = 46;
	objects = {

/* Begin PBXBuildFile section */
		7B0CFFE1134316E2003E8C3C /* Placeholder.png in Resources */ = {isa = PBXBuildFile; fileRef = 7B0CFFE0134316E2003E8C3C /* Placeholder.png */; };
		7B76604C1688E99F007C6DBC /* AppRecord.m in Sources */ = {isa = PBXBuildFile; fileRef = 7B7660411688E99E007C6DBC /* AppRecord.m */; };
		7B76604E1688E99F007C6DBC /* DemoAppDelegate.m in Sources */ = {isa = PBXBuildFile; fileRef = 7B7660451688E99F007C6DBC /* DemoAppDelegate.m */; };
		7B76604F1688E99F007C6DBC /* main.m in Sources */ = {isa = PBXBuildFile; fileRef = 7B7660461688E99F007C6DBC /* main.m */; };
		7B7660501688E99F007C6DBC /* MainWindow.xib in Resources */ = {isa = PBXBuildFile; fileRef = 7B7660471688E99F007C6DBC /* MainWindow.xib */; };
		7B7660511688E99F007C6DBC /* Parser.m in Sources */ = {isa = PBXBuildFile; fileRef = 7B7660491688E99F007C6DBC /* Parser.m */; };
		7B7660521688E99F007C6DBC /* RootViewController.m in Sources */ = {isa = PBXBuildFile; fileRef = 7B76604B1688E99F007C6DBC /* RootViewController.m */; };
		7B7660581688E9A5007C6DBC /* MHImageCache.m in Sources */ = {isa = PBXBuildFile; fileRef = 7B7660551688E9A5007C6DBC /* MHImageCache.m */; };
		7B7660591688E9A5007C6DBC /* MHLazyTableImages.m in Sources */ = {isa = PBXBuildFile; fileRef = 7B7660571688E9A5007C6DBC /* MHLazyTableImages.m */; };
		7B76605E1688EA0D007C6DBC /* Default-568h@2x.png in Resources */ = {isa = PBXBuildFile; fileRef = 7B76605D1688EA0D007C6DBC /* Default-568h@2x.png */; };
		7BC447DF168A049700024130 /* Placeholder@2x.png in Resources */ = {isa = PBXBuildFile; fileRef = 7BC447DE168A049700024130 /* Placeholder@2x.png */; };
		7BD1FC7113351087005CAC78 /* UIKit.framework in Frameworks */ = {isa = PBXBuildFile; fileRef = 7BD1FC7013351087005CAC78 /* UIKit.framework */; };
		7BD1FC7313351087005CAC78 /* Foundation.framework in Frameworks */ = {isa = PBXBuildFile; fileRef = 7BD1FC7213351087005CAC78 /* Foundation.framework */; };
		7BD1FC7513351087005CAC78 /* CoreGraphics.framework in Frameworks */ = {isa = PBXBuildFile; fileRef = 7BD1FC7413351087005CAC78 /* CoreGraphics.framework */; };
/* End PBXBuildFile section */

/* Begin PBXFileReference section */
		7B0CFFE0134316E2003E8C3C /* Placeholder.png */ = {isa = PBXFileReference; lastKnownFileType = image.png; path = Placeholder.png; sourceTree = "<group>"; };
		7B7660401688E99E007C6DBC /* AppRecord.h */ = {isa = PBXFileReference; fileEncoding = 4; lastKnownFileType = sourcecode.c.h; path = AppRecord.h; sourceTree = "<group>"; };
		7B7660411688E99E007C6DBC /* AppRecord.m */ = {isa = PBXFileReference; fileEncoding = 4; lastKnownFileType = sourcecode.c.objc; path = AppRecord.m; sourceTree = "<group>"; };
		7B7660421688E99F007C6DBC /* Demo-Info.plist */ = {isa = PBXFileReference; fileEncoding = 4; lastKnownFileType = text.plist.xml; path = "Demo-Info.plist"; sourceTree = "<group>"; };
		7B7660431688E99F007C6DBC /* Demo-Prefix.pch */ = {isa = PBXFileReference; fileEncoding = 4; lastKnownFileType = sourcecode.c.h; path = "Demo-Prefix.pch"; sourceTree = "<group>"; };
		7B7660441688E99F007C6DBC /* DemoAppDelegate.h */ = {isa = PBXFileReference; fileEncoding = 4; lastKnownFileType = sourcecode.c.h; path = DemoAppDelegate.h; sourceTree = "<group>"; };
		7B7660451688E99F007C6DBC /* DemoAppDelegate.m */ = {isa = PBXFileReference; fileEncoding = 4; lastKnownFileType = sourcecode.c.objc; path = DemoAppDelegate.m; sourceTree = "<group>"; };
		7B7660461688E99F007C6DBC /* main.m */ = {isa = PBXFileReference; fileEncoding = 4; lastKnownFileType = sourcecode.c.objc; path = main.m; sourceTree = "<group>"; };
		7B7660471688E99F007C6DBC /* MainWindow.xib */ = {isa = PBXFileReference; fileEncoding = 4; lastKnownFileType = file.xib; path = MainWindow.xib; sourceTree = "<group>"; };
		7B7660481688E99F007C6DBC /* Parser.h */ = {isa = PBXFileReference; fileEncoding = 4; lastKnownFileType = sourcecode.c.h; path = Parser.h; sourceTree = "<group>"; };
		7B7660491688E99F007C6DBC /* Parser.m */ = {isa = PBXFileReference; fileEncoding = 4; lastKnownFileType = sourcecode.c.objc; path = Parser.m; sourceTree = "<group>"; };
		7B76604A1688E99F007C6DBC /* RootViewController.h */ = {isa = PBXFileReference; fileEncoding = 4; lastKnownFileType = sourcecode.c.h; path = RootViewController.h; sourceTree = "<group>"; };
		7B76604B1688E99F007C6DBC /* RootViewController.m */ = {isa = PBXFileReference; fileEncoding = 4; lastKnownFileType = sourcecode.c.objc; path = RootViewController.m; sourceTree = "<group>"; };
		7B7660541688E9A5007C6DBC /* MHImageCache.h */ = {isa = PBXFileReference; fileEncoding = 4; lastKnownFileType = sourcecode.c.h; path = MHImageCache.h; sourceTree = "<group>"; };
		7B7660551688E9A5007C6DBC /* MHImageCache.m */ = {isa = PBXFileReference; fileEncoding = 4; lastKnownFileType = sourcecode.c.objc; path = MHImageCache.m; sourceTree = "<group>"; };
		7B7660561688E9A5007C6DBC /* MHLazyTableImages.h */ = {isa = PBXFileReference; fileEncoding = 4; lastKnownFileType = sourcecode.c.h; path = MHLazyTableImages.h; sourceTree = "<group>"; };
		7B7660571688E9A5007C6DBC /* MHLazyTableImages.m */ = {isa = PBXFileReference; fileEncoding = 4; lastKnownFileType = sourcecode.c.objc; path = MHLazyTableImages.m; sourceTree = "<group>"; };
		7B76605D1688EA0D007C6DBC /* Default-568h@2x.png */ = {isa = PBXFileReference; lastKnownFileType = image.png; path = "Default-568h@2x.png"; sourceTree = "<group>"; };
		7BC447DE168A049700024130 /* Placeholder@2x.png */ = {isa = PBXFileReference; lastKnownFileType = image.png; path = "Placeholder@2x.png"; sourceTree = "<group>"; };
		7BD1FC6C13351087005CAC78 /* Demo.app */ = {isa = PBXFileReference; explicitFileType = wrapper.application; includeInIndex = 0; path = Demo.app; sourceTree = BUILT_PRODUCTS_DIR; };
		7BD1FC7013351087005CAC78 /* UIKit.framework */ = {isa = PBXFileReference; lastKnownFileType = wrapper.framework; name = UIKit.framework; path = System/Library/Frameworks/UIKit.framework; sourceTree = SDKROOT; };
		7BD1FC7213351087005CAC78 /* Foundation.framework */ = {isa = PBXFileReference; lastKnownFileType = wrapper.framework; name = Foundation.framework; path = System/Library/Frameworks/Foundation.framework; sourceTree = SDKROOT; };
		7BD1FC7413351087005CAC78 /* CoreGraphics.framework */ = {isa = PBXFileReference; lastKnownFileType = wrapper.framework; name = CoreGraphics.framework; path = System/Library/Frameworks/CoreGraphics.framework; sourceTree = SDKROOT; };
/* End PBXFileReference section */

/* Begin PBXFrameworksBuildPhase section */
		7BD1FC6913351087005CAC78 /* Frameworks */ = {
			isa = PBXFrameworksBuildPhase;
			buildActionMask = 2147483647;
			files = (
				7BD1FC7113351087005CAC78 /* UIKit.framework in Frameworks */,
				7BD1FC7313351087005CAC78 /* Foundation.framework in Frameworks */,
				7BD1FC7513351087005CAC78 /* CoreGraphics.framework in Frameworks */,
			);
			runOnlyForDeploymentPostprocessing = 0;
		};
/* End PBXFrameworksBuildPhase section */

/* Begin PBXGroup section */
		7B0CFFDF134316E2003E8C3C /* Images */ = {
			isa = PBXGroup;
			children = (
				7B0CFFE0134316E2003E8C3C /* Placeholder.png */,
				7BC447DE168A049700024130 /* Placeholder@2x.png */,
			);
			path = Images;
			sourceTree = "<group>";
		};
		7B76603F1688E99E007C6DBC /* Demo */ = {
			isa = PBXGroup;
			children = (
				7B7660401688E99E007C6DBC /* AppRecord.h */,
				7B7660411688E99E007C6DBC /* AppRecord.m */,
				7B7660441688E99F007C6DBC /* DemoAppDelegate.h */,
				7B7660451688E99F007C6DBC /* DemoAppDelegate.m */,
				7B7660481688E99F007C6DBC /* Parser.h */,
				7B7660491688E99F007C6DBC /* Parser.m */,
				7B76604A1688E99F007C6DBC /* RootViewController.h */,
				7B76604B1688E99F007C6DBC /* RootViewController.m */,
				7B76605A1688E9AE007C6DBC /* Supporting Files */,
			);
			path = Demo;
			sourceTree = "<group>";
		};
		7B7660531688E9A5007C6DBC /* MHLazyTableImages */ = {
			isa = PBXGroup;
			children = (
				7B7660541688E9A5007C6DBC /* MHImageCache.h */,
				7B7660551688E9A5007C6DBC /* MHImageCache.m */,
				7B7660561688E9A5007C6DBC /* MHLazyTableImages.h */,
				7B7660571688E9A5007C6DBC /* MHLazyTableImages.m */,
			);
			path = MHLazyTableImages;
			sourceTree = "<group>";
		};
		7B76605A1688E9AE007C6DBC /* Supporting Files */ = {
			isa = PBXGroup;
			children = (
				7B76605D1688EA0D007C6DBC /* Default-568h@2x.png */,
				7B7660421688E99F007C6DBC /* Demo-Info.plist */,
				7B7660431688E99F007C6DBC /* Demo-Prefix.pch */,
				7B7660461688E99F007C6DBC /* main.m */,
				7B7660471688E99F007C6DBC /* MainWindow.xib */,
			);
			name = "Supporting Files";
			sourceTree = "<group>";
		};
		7BD1FC6113351087005CAC78 = {
			isa = PBXGroup;
			children = (
				7B7660531688E9A5007C6DBC /* MHLazyTableImages */,
				7B76603F1688E99E007C6DBC /* Demo */,
				7B0CFFDF134316E2003E8C3C /* Images */,
				7BD1FC6F13351087005CAC78 /* Frameworks */,
				7BD1FC6D13351087005CAC78 /* Products */,
			);
			sourceTree = "<group>";
		};
		7BD1FC6D13351087005CAC78 /* Products */ = {
			isa = PBXGroup;
			children = (
				7BD1FC6C13351087005CAC78 /* Demo.app */,
			);
			name = Products;
			sourceTree = "<group>";
		};
		7BD1FC6F13351087005CAC78 /* Frameworks */ = {
			isa = PBXGroup;
			children = (
				7BD1FC7413351087005CAC78 /* CoreGraphics.framework */,
				7BD1FC7213351087005CAC78 /* Foundation.framework */,
				7BD1FC7013351087005CAC78 /* UIKit.framework */,
			);
			name = Frameworks;
			sourceTree = "<group>";
		};
/* End PBXGroup section */

/* Begin PBXNativeTarget section */
		7BD1FC6B13351087005CAC78 /* Demo */ = {
			isa = PBXNativeTarget;
			buildConfigurationList = 7BD1FC8713351087005CAC78 /* Build configuration list for PBXNativeTarget "Demo" */;
			buildPhases = (
				7BD1FC6813351087005CAC78 /* Sources */,
				7BD1FC6913351087005CAC78 /* Frameworks */,
				7BD1FC6A13351087005CAC78 /* Resources */,
			);
			buildRules = (
			);
			dependencies = (
			);
			name = Demo;
			productName = Demo;
			productReference = 7BD1FC6C13351087005CAC78 /* Demo.app */;
			productType = "com.apple.product-type.application";
		};
/* End PBXNativeTarget section */

/* Begin PBXProject section */
		7BD1FC6313351087005CAC78 /* Project object */ = {
			isa = PBXProject;
			attributes = {
				LastUpgradeCheck = 0450;
				ORGANIZATIONNAME = Hollance;
			};
			buildConfigurationList = 7BD1FC6613351087005CAC78 /* Build configuration list for PBXProject "Demo" */;
			compatibilityVersion = "Xcode 3.2";
			developmentRegion = English;
			hasScannedForEncodings = 0;
			knownRegions = (
				en,
			);
			mainGroup = 7BD1FC6113351087005CAC78;
			productRefGroup = 7BD1FC6D13351087005CAC78 /* Products */;
			projectDirPath = "";
			projectRoot = "";
			targets = (
				7BD1FC6B13351087005CAC78 /* Demo */,
			);
		};
/* End PBXProject section */

/* Begin PBXResourcesBuildPhase section */
		7BD1FC6A13351087005CAC78 /* Resources */ = {
			isa = PBXResourcesBuildPhase;
			buildActionMask = 2147483647;
			files = (
				7B0CFFE1134316E2003E8C3C /* Placeholder.png in Resources */,
				7B7660501688E99F007C6DBC /* MainWindow.xib in Resources */,
				7B76605E1688EA0D007C6DBC /* Default-568h@2x.png in Resources */,
				7BC447DF168A049700024130 /* Placeholder@2x.png in Resources */,
			);
			runOnlyForDeploymentPostprocessing = 0;
		};
/* End PBXResourcesBuildPhase section */

/* Begin PBXSourcesBuildPhase section */
		7BD1FC6813351087005CAC78 /* Sources */ = {
			isa = PBXSourcesBuildPhase;
			buildActionMask = 2147483647;
			files = (
				7B76604C1688E99F007C6DBC /* AppRecord.m in Sources */,
				7B76604E1688E99F007C6DBC /* DemoAppDelegate.m in Sources */,
				7B76604F1688E99F007C6DBC /* main.m in Sources */,
				7B7660511688E99F007C6DBC /* Parser.m in Sources */,
				7B7660521688E99F007C6DBC /* RootViewController.m in Sources */,
				7B7660581688E9A5007C6DBC /* MHImageCache.m in Sources */,
				7B7660591688E9A5007C6DBC /* MHLazyTableImages.m in Sources */,
			);
			runOnlyForDeploymentPostprocessing = 0;
		};
/* End PBXSourcesBuildPhase section */

/* Begin XCBuildConfiguration section */
		7BD1FC8513351087005CAC78 /* Debug */ = {
			isa = XCBuildConfiguration;
			buildSettings = {
				ARCHS = "$(ARCHS_STANDARD_32_BIT)";
				"CODE_SIGN_IDENTITY[sdk=iphoneos*]" = "iPhone Developer";
				GCC_C_LANGUAGE_STANDARD = gnu99;
				GCC_OPTIMIZATION_LEVEL = 0;
				GCC_PREPROCESSOR_DEFINITIONS = DEBUG;
				GCC_SYMBOLS_PRIVATE_EXTERN = NO;
				GCC_VERSION = com.apple.compilers.llvmgcc42;
				GCC_WARN_ABOUT_RETURN_TYPE = YES;
				GCC_WARN_UNUSED_VARIABLE = YES;
				IPHONEOS_DEPLOYMENT_TARGET = 5.0;
				SDKROOT = iphoneos;
			};
			name = Debug;
		};
		7BD1FC8613351087005CAC78 /* Release */ = {
			isa = XCBuildConfiguration;
			buildSettings = {
				ARCHS = "$(ARCHS_STANDARD_32_BIT)";
				"CODE_SIGN_IDENTITY[sdk=iphoneos*]" = "iPhone Developer";
				GCC_C_LANGUAGE_STANDARD = gnu99;
				GCC_VERSION = com.apple.compilers.llvmgcc42;
				GCC_WARN_ABOUT_RETURN_TYPE = YES;
				GCC_WARN_UNUSED_VARIABLE = YES;
				IPHONEOS_DEPLOYMENT_TARGET = 5.0;
				OTHER_CFLAGS = "-DNS_BLOCK_ASSERTIONS=1";
				SDKROOT = iphoneos;
			};
			name = Release;
		};
		7BD1FC8813351087005CAC78 /* Debug */ = {
			isa = XCBuildConfiguration;
			buildSettings = {
				ALWAYS_SEARCH_USER_PATHS = NO;
				CLANG_ENABLE_OBJC_ARC = YES;
				COPY_PHASE_STRIP = NO;
				GCC_DYNAMIC_NO_PIC = NO;
				GCC_PRECOMPILE_PREFIX_HEADER = YES;
				GCC_PREFIX_HEADER = "Demo/Demo-Prefix.pch";
				GCC_VERSION = com.apple.compilers.llvm.clang.1_0;
				INFOPLIST_FILE = "Demo/Demo-Info.plist";
				PRODUCT_NAME = "$(TARGET_NAME)";
				RUN_CLANG_STATIC_ANALYZER = YES;
				WARNING_CFLAGS = (
					"-Wall",
					"-Wextra",
					"-Wno-unused-parameter",
				);
				WRAPPER_EXTENSION = app;
			};
			name = Debug;
		};
		7BD1FC8913351087005CAC78 /* Release */ = {
			isa = XCBuildConfiguration;
			buildSettings = {
				ALWAYS_SEARCH_USER_PATHS = NO;
				CLANG_ENABLE_OBJC_ARC = YES;
				COPY_PHASE_STRIP = YES;
				GCC_PRECOMPILE_PREFIX_HEADER = YES;
				GCC_PREFIX_HEADER = "Demo/Demo-Prefix.pch";
				GCC_VERSION = com.apple.compilers.llvm.clang.1_0;
				INFOPLIST_FILE = "Demo/Demo-Info.plist";
				PRODUCT_NAME = "$(TARGET_NAME)";
				RUN_CLANG_STATIC_ANALYZER = YES;
				VALIDATE_PRODUCT = YES;
				WARNING_CFLAGS = (
					"-Wall",
					"-Wextra",
					"-Wno-unused-parameter",
				);
				WRAPPER_EXTENSION = app;
			};
			name = Release;
		};
/* End XCBuildConfiguration section */

/* Begin XCConfigurationList section */
		7BD1FC6613351087005CAC78 /* Build configuration list for PBXProject "Demo" */ = {
			isa = XCConfigurationList;
			buildConfigurations = (
				7BD1FC8513351087005CAC78 /* Debug */,
				7BD1FC8613351087005CAC78 /* Release */,
			);
			defaultConfigurationIsVisible = 0;
			defaultConfigurationName = Release;
		};
		7BD1FC8713351087005CAC78 /* Build configuration list for PBXNativeTarget "Demo" */ = {
			isa = XCConfigurationList;
			buildConfigurations = (
				7BD1FC8813351087005CAC78 /* Debug */,
				7BD1FC8913351087005CAC78 /* Release */,
			);
			defaultConfigurationIsVisible = 0;
			defaultConfigurationName = Release;
		};
/* End XCConfigurationList section */
	};
	rootObject = 7BD1FC6313351087005CAC78 /* Project object */;
}
